// !$*UTF8*$!
{
	archiveVersion = 1;
	classes = {
	};
	objectVersion = 50;
	objects = {

/* Begin PBXBuildFile section */
		FD7DAC6026772B9D00D05D24 /* NetworkConnection.framework in Frameworks */ = {isa = PBXBuildFile; fileRef = FD7DAC5F26772B9D00D05D24 /* NetworkConnection.framework */; };
		FD7DAC6126772B9D00D05D24 /* NetworkConnection.framework in Embed Frameworks */ = {isa = PBXBuildFile; fileRef = FD7DAC5F26772B9D00D05D24 /* NetworkConnection.framework */; settings = {ATTRIBUTES = (CodeSignOnCopy, RemoveHeadersOnCopy, ); }; };
		FDE61BE12677292500EABDD4 /* AppDelegate.swift in Sources */ = {isa = PBXBuildFile; fileRef = FDE61BE02677292500EABDD4 /* AppDelegate.swift */; };
		FDE61BE32677292500EABDD4 /* SceneDelegate.swift in Sources */ = {isa = PBXBuildFile; fileRef = FDE61BE22677292500EABDD4 /* SceneDelegate.swift */; };
		FDE61BE52677292500EABDD4 /* ViewController.swift in Sources */ = {isa = PBXBuildFile; fileRef = FDE61BE42677292500EABDD4 /* ViewController.swift */; };
		FDE61BE82677292500EABDD4 /* Main.storyboard in Resources */ = {isa = PBXBuildFile; fileRef = FDE61BE62677292500EABDD4 /* Main.storyboard */; };
		FDE61BED2677292600EABDD4 /* LaunchScreen.storyboard in Resources */ = {isa = PBXBuildFile; fileRef = FDE61BEB2677292600EABDD4 /* LaunchScreen.storyboard */; };
		FDE61BF82677292600EABDD4 /* WeatherAppTests.swift in Sources */ = {isa = PBXBuildFile; fileRef = FDE61BF72677292600EABDD4 /* WeatherAppTests.swift */; };
		FDE61C032677292600EABDD4 /* WeatherAppUITests.swift in Sources */ = {isa = PBXBuildFile; fileRef = FDE61C022677292600EABDD4 /* WeatherAppUITests.swift */; };
		FDE61C46267729CF00EABDD4 /* Assets.xcassets in Resources */ = {isa = PBXBuildFile; fileRef = FDE61C45267729CF00EABDD4 /* Assets.xcassets */; };
/* End PBXBuildFile section */

/* Begin PBXContainerItemProxy section */
		FDE61BF42677292600EABDD4 /* PBXContainerItemProxy */ = {
			isa = PBXContainerItemProxy;
			containerPortal = FDE61BD52677292500EABDD4 /* Project object */;
			proxyType = 1;
			remoteGlobalIDString = FDE61BDC2677292500EABDD4;
			remoteInfo = WeatherApp;
		};
		FDE61BFF2677292600EABDD4 /* PBXContainerItemProxy */ = {
			isa = PBXContainerItemProxy;
			containerPortal = FDE61BD52677292500EABDD4 /* Project object */;
			proxyType = 1;
			remoteGlobalIDString = FDE61BDC2677292500EABDD4;
			remoteInfo = WeatherApp;
		};
/* End PBXContainerItemProxy section */

/* Begin PBXCopyFilesBuildPhase section */
		FD7DAC6226772B9D00D05D24 /* Embed Frameworks */ = {
			isa = PBXCopyFilesBuildPhase;
			buildActionMask = 2147483647;
			dstPath = "";
			dstSubfolderSpec = 10;
			files = (
				FD7DAC6126772B9D00D05D24 /* NetworkConnection.framework in Embed Frameworks */,
			);
			name = "Embed Frameworks";
			runOnlyForDeploymentPostprocessing = 0;
		};
/* End PBXCopyFilesBuildPhase section */

/* Begin PBXFileReference section */
		FD7DAC5F26772B9D00D05D24 /* NetworkConnection.framework */ = {isa = PBXFileReference; explicitFileType = wrapper.framework; path = NetworkConnection.framework; sourceTree = BUILT_PRODUCTS_DIR; };
		FDE61BDD2677292500EABDD4 /* WeatherApp.app */ = {isa = PBXFileReference; explicitFileType = wrapper.application; includeInIndex = 0; path = WeatherApp.app; sourceTree = BUILT_PRODUCTS_DIR; };
		FDE61BE02677292500EABDD4 /* AppDelegate.swift */ = {isa = PBXFileReference; lastKnownFileType = sourcecode.swift; path = AppDelegate.swift; sourceTree = "<group>"; };
		FDE61BE22677292500EABDD4 /* SceneDelegate.swift */ = {isa = PBXFileReference; lastKnownFileType = sourcecode.swift; path = SceneDelegate.swift; sourceTree = "<group>"; };
		FDE61BE42677292500EABDD4 /* ViewController.swift */ = {isa = PBXFileReference; lastKnownFileType = sourcecode.swift; path = ViewController.swift; sourceTree = "<group>"; };
		FDE61BE72677292500EABDD4 /* Base */ = {isa = PBXFileReference; lastKnownFileType = file.storyboard; name = Base; path = Base.lproj/Main.storyboard; sourceTree = "<group>"; };
		FDE61BEC2677292600EABDD4 /* Base */ = {isa = PBXFileReference; lastKnownFileType = file.storyboard; name = Base; path = Base.lproj/LaunchScreen.storyboard; sourceTree = "<group>"; };
		FDE61BEE2677292600EABDD4 /* Info.plist */ = {isa = PBXFileReference; lastKnownFileType = text.plist.xml; path = Info.plist; sourceTree = "<group>"; };
		FDE61BF32677292600EABDD4 /* WeatherAppTests.xctest */ = {isa = PBXFileReference; explicitFileType = wrapper.cfbundle; includeInIndex = 0; path = WeatherAppTests.xctest; sourceTree = BUILT_PRODUCTS_DIR; };
		FDE61BF72677292600EABDD4 /* WeatherAppTests.swift */ = {isa = PBXFileReference; lastKnownFileType = sourcecode.swift; path = WeatherAppTests.swift; sourceTree = "<group>"; };
		FDE61BF92677292600EABDD4 /* Info.plist */ = {isa = PBXFileReference; lastKnownFileType = text.plist.xml; path = Info.plist; sourceTree = "<group>"; };
		FDE61BFE2677292600EABDD4 /* WeatherAppUITests.xctest */ = {isa = PBXFileReference; explicitFileType = wrapper.cfbundle; includeInIndex = 0; path = WeatherAppUITests.xctest; sourceTree = BUILT_PRODUCTS_DIR; };
		FDE61C022677292600EABDD4 /* WeatherAppUITests.swift */ = {isa = PBXFileReference; lastKnownFileType = sourcecode.swift; path = WeatherAppUITests.swift; sourceTree = "<group>"; };
		FDE61C042677292600EABDD4 /* Info.plist */ = {isa = PBXFileReference; lastKnownFileType = text.plist.xml; path = Info.plist; sourceTree = "<group>"; };
		FDE61C45267729CF00EABDD4 /* Assets.xcassets */ = {isa = PBXFileReference; lastKnownFileType = folder.assetcatalog; path = Assets.xcassets; sourceTree = "<group>"; };
/* End PBXFileReference section */

/* Begin PBXFrameworksBuildPhase section */
		FDE61BDA2677292500EABDD4 /* Frameworks */ = {
			isa = PBXFrameworksBuildPhase;
			buildActionMask = 2147483647;
			files = (
				FD7DAC6026772B9D00D05D24 /* NetworkConnection.framework in Frameworks */,
			);
			runOnlyForDeploymentPostprocessing = 0;
		};
		FDE61BF02677292600EABDD4 /* Frameworks */ = {
			isa = PBXFrameworksBuildPhase;
			buildActionMask = 2147483647;
			files = (
			);
			runOnlyForDeploymentPostprocessing = 0;
		};
		FDE61BFB2677292600EABDD4 /* Frameworks */ = {
			isa = PBXFrameworksBuildPhase;
			buildActionMask = 2147483647;
			files = (
			);
			runOnlyForDeploymentPostprocessing = 0;
		};
/* End PBXFrameworksBuildPhase section */

/* Begin PBXGroup section */
		FD7DAC5E26772B9D00D05D24 /* Frameworks */ = {
			isa = PBXGroup;
			children = (
				FD7DAC5F26772B9D00D05D24 /* NetworkConnection.framework */,
			);
			name = Frameworks;
			sourceTree = "<group>";
		};
		FDE61BD42677292500EABDD4 = {
			isa = PBXGroup;
			children = (
				FDE61BDF2677292500EABDD4 /* WeatherApp */,
				FDE61BF62677292600EABDD4 /* WeatherAppTests */,
				FDE61C012677292600EABDD4 /* WeatherAppUITests */,
				FDE61BDE2677292500EABDD4 /* Products */,
				FD7DAC5E26772B9D00D05D24 /* Frameworks */,
			);
			sourceTree = "<group>";
		};
		FDE61BDE2677292500EABDD4 /* Products */ = {
			isa = PBXGroup;
			children = (
				FDE61BDD2677292500EABDD4 /* WeatherApp.app */,
				FDE61BF32677292600EABDD4 /* WeatherAppTests.xctest */,
				FDE61BFE2677292600EABDD4 /* WeatherAppUITests.xctest */,
			);
			name = Products;
			sourceTree = "<group>";
		};
		FDE61BDF2677292500EABDD4 /* WeatherApp */ = {
			isa = PBXGroup;
			children = (
				FDE61C352677299200EABDD4 /* AppDelegate */,
				FDE61BE42677292500EABDD4 /* ViewController.swift */,
				FDE61C3A2677299F00EABDD4 /* Storyboard */,
				FDE61C44267729CF00EABDD4 /* Resources */,
				FDE61BEE2677292600EABDD4 /* Info.plist */,
			);
			path = WeatherApp;
			sourceTree = "<group>";
		};
		FDE61BF62677292600EABDD4 /* WeatherAppTests */ = {
			isa = PBXGroup;
			children = (
				FDE61BF72677292600EABDD4 /* WeatherAppTests.swift */,
				FDE61BF92677292600EABDD4 /* Info.plist */,
			);
			path = WeatherAppTests;
			sourceTree = "<group>";
		};
		FDE61C012677292600EABDD4 /* WeatherAppUITests */ = {
			isa = PBXGroup;
			children = (
				FDE61C022677292600EABDD4 /* WeatherAppUITests.swift */,
				FDE61C042677292600EABDD4 /* Info.plist */,
			);
			path = WeatherAppUITests;
			sourceTree = "<group>";
		};
		FDE61C352677299200EABDD4 /* AppDelegate */ = {
			isa = PBXGroup;
			children = (
				FDE61BE02677292500EABDD4 /* AppDelegate.swift */,
				FDE61BE22677292500EABDD4 /* SceneDelegate.swift */,
			);
			path = AppDelegate;
			sourceTree = "<group>";
		};
		FDE61C3A2677299F00EABDD4 /* Storyboard */ = {
			isa = PBXGroup;
			children = (
				FDE61BE62677292500EABDD4 /* Main.storyboard */,
				FDE61BEB2677292600EABDD4 /* LaunchScreen.storyboard */,
			);
			path = Storyboard;
			sourceTree = "<group>";
		};
		FDE61C44267729CF00EABDD4 /* Resources */ = {
			isa = PBXGroup;
			children = (
				FDE61C45267729CF00EABDD4 /* Assets.xcassets */,
			);
			name = Resources;
			path = WeatherApp/Resources;
			sourceTree = SOURCE_ROOT;
		};
/* End PBXGroup section */

/* Begin PBXNativeTarget section */
		FDE61BDC2677292500EABDD4 /* WeatherApp */ = {
			isa = PBXNativeTarget;
			buildConfigurationList = FDE61C072677292600EABDD4 /* Build configuration list for PBXNativeTarget "WeatherApp" */;
			buildPhases = (
				FDE61BD92677292500EABDD4 /* Sources */,
				FDE61BDA2677292500EABDD4 /* Frameworks */,
				FDE61BDB2677292500EABDD4 /* Resources */,
				FD7DAC6226772B9D00D05D24 /* Embed Frameworks */,
			);
			buildRules = (
			);
			dependencies = (
			);
			name = WeatherApp;
			productName = WeatherApp;
			productReference = FDE61BDD2677292500EABDD4 /* WeatherApp.app */;
			productType = "com.apple.product-type.application";
		};
		FDE61BF22677292600EABDD4 /* WeatherAppTests */ = {
			isa = PBXNativeTarget;
			buildConfigurationList = FDE61C0A2677292600EABDD4 /* Build configuration list for PBXNativeTarget "WeatherAppTests" */;
			buildPhases = (
				FDE61BEF2677292600EABDD4 /* Sources */,
				FDE61BF02677292600EABDD4 /* Frameworks */,
				FDE61BF12677292600EABDD4 /* Resources */,
			);
			buildRules = (
			);
			dependencies = (
				FDE61BF52677292600EABDD4 /* PBXTargetDependency */,
			);
			name = WeatherAppTests;
			productName = WeatherAppTests;
			productReference = FDE61BF32677292600EABDD4 /* WeatherAppTests.xctest */;
			productType = "com.apple.product-type.bundle.unit-test";
		};
		FDE61BFD2677292600EABDD4 /* WeatherAppUITests */ = {
			isa = PBXNativeTarget;
			buildConfigurationList = FDE61C0D2677292600EABDD4 /* Build configuration list for PBXNativeTarget "WeatherAppUITests" */;
			buildPhases = (
				FDE61BFA2677292600EABDD4 /* Sources */,
				FDE61BFB2677292600EABDD4 /* Frameworks */,
				FDE61BFC2677292600EABDD4 /* Resources */,
			);
			buildRules = (
			);
			dependencies = (
				FDE61C002677292600EABDD4 /* PBXTargetDependency */,
			);
			name = WeatherAppUITests;
			productName = WeatherAppUITests;
			productReference = FDE61BFE2677292600EABDD4 /* WeatherAppUITests.xctest */;
			productType = "com.apple.product-type.bundle.ui-testing";
		};
/* End PBXNativeTarget section */

/* Begin PBXProject section */
		FDE61BD52677292500EABDD4 /* Project object */ = {
			isa = PBXProject;
			attributes = {
				LastSwiftUpdateCheck = 1240;
				LastUpgradeCheck = 1240;
				TargetAttributes = {
					FDE61BDC2677292500EABDD4 = {
						CreatedOnToolsVersion = 12.4;
					};
					FDE61BF22677292600EABDD4 = {
						CreatedOnToolsVersion = 12.4;
						TestTargetID = FDE61BDC2677292500EABDD4;
					};
					FDE61BFD2677292600EABDD4 = {
						CreatedOnToolsVersion = 12.4;
						TestTargetID = FDE61BDC2677292500EABDD4;
					};
				};
			};
			buildConfigurationList = FDE61BD82677292500EABDD4 /* Build configuration list for PBXProject "WeatherApp" */;
			compatibilityVersion = "Xcode 9.3";
			developmentRegion = en;
			hasScannedForEncodings = 0;
			knownRegions = (
				en,
				Base,
			);
			mainGroup = FDE61BD42677292500EABDD4;
			productRefGroup = FDE61BDE2677292500EABDD4 /* Products */;
			projectDirPath = "";
			projectRoot = "";
			targets = (
				FDE61BDC2677292500EABDD4 /* WeatherApp */,
				FDE61BF22677292600EABDD4 /* WeatherAppTests */,
				FDE61BFD2677292600EABDD4 /* WeatherAppUITests */,
			);
		};
/* End PBXProject section */

/* Begin PBXResourcesBuildPhase section */
		FDE61BDB2677292500EABDD4 /* Resources */ = {
			isa = PBXResourcesBuildPhase;
			buildActionMask = 2147483647;
			files = (
				FDE61BED2677292600EABDD4 /* LaunchScreen.storyboard in Resources */,
				FDE61C46267729CF00EABDD4 /* Assets.xcassets in Resources */,
				FDE61BE82677292500EABDD4 /* Main.storyboard in Resources */,
			);
			runOnlyForDeploymentPostprocessing = 0;
		};
		FDE61BF12677292600EABDD4 /* Resources */ = {
			isa = PBXResourcesBuildPhase;
			buildActionMask = 2147483647;
			files = (
			);
			runOnlyForDeploymentPostprocessing = 0;
		};
		FDE61BFC2677292600EABDD4 /* Resources */ = {
			isa = PBXResourcesBuildPhase;
			buildActionMask = 2147483647;
			files = (
			);
			runOnlyForDeploymentPostprocessing = 0;
		};
/* End PBXResourcesBuildPhase section */

/* Begin PBXSourcesBuildPhase section */
		FDE61BD92677292500EABDD4 /* Sources */ = {
			isa = PBXSourcesBuildPhase;
			buildActionMask = 2147483647;
			files = (
				FDE61BE52677292500EABDD4 /* ViewController.swift in Sources */,
				FDE61BE12677292500EABDD4 /* AppDelegate.swift in Sources */,
				FDE61BE32677292500EABDD4 /* SceneDelegate.swift in Sources */,
			);
			runOnlyForDeploymentPostprocessing = 0;
		};
		FDE61BEF2677292600EABDD4 /* Sources */ = {
			isa = PBXSourcesBuildPhase;
			buildActionMask = 2147483647;
			files = (
				FDE61BF82677292600EABDD4 /* WeatherAppTests.swift in Sources */,
			);
			runOnlyForDeploymentPostprocessing = 0;
		};
		FDE61BFA2677292600EABDD4 /* Sources */ = {
			isa = PBXSourcesBuildPhase;
			buildActionMask = 2147483647;
			files = (
				FDE61C032677292600EABDD4 /* WeatherAppUITests.swift in Sources */,
			);
			runOnlyForDeploymentPostprocessing = 0;
		};
/* End PBXSourcesBuildPhase section */

/* Begin PBXTargetDependency section */
		FDE61BF52677292600EABDD4 /* PBXTargetDependency */ = {
			isa = PBXTargetDependency;
			target = FDE61BDC2677292500EABDD4 /* WeatherApp */;
			targetProxy = FDE61BF42677292600EABDD4 /* PBXContainerItemProxy */;
		};
		FDE61C002677292600EABDD4 /* PBXTargetDependency */ = {
			isa = PBXTargetDependency;
			target = FDE61BDC2677292500EABDD4 /* WeatherApp */;
			targetProxy = FDE61BFF2677292600EABDD4 /* PBXContainerItemProxy */;
		};
/* End PBXTargetDependency section */

/* Begin PBXVariantGroup section */
		FDE61BE62677292500EABDD4 /* Main.storyboard */ = {
			isa = PBXVariantGroup;
			children = (
				FDE61BE72677292500EABDD4 /* Base */,
			);
			name = Main.storyboard;
			sourceTree = "<group>";
		};
		FDE61BEB2677292600EABDD4 /* LaunchScreen.storyboard */ = {
			isa = PBXVariantGroup;
			children = (
				FDE61BEC2677292600EABDD4 /* Base */,
			);
			name = LaunchScreen.storyboard;
			sourceTree = "<group>";
		};
/* End PBXVariantGroup section */

/* Begin XCBuildConfiguration section */
		FDE61C052677292600EABDD4 /* Debug */ = {
			isa = XCBuildConfiguration;
			buildSettings = {
				ALWAYS_SEARCH_USER_PATHS = NO;
				CLANG_ANALYZER_NONNULL = YES;
				CLANG_ANALYZER_NUMBER_OBJECT_CONVERSION = YES_AGGRESSIVE;
				CLANG_CXX_LANGUAGE_STANDARD = "gnu++14";
				CLANG_CXX_LIBRARY = "libc++";
				CLANG_ENABLE_MODULES = YES;
				CLANG_ENABLE_OBJC_ARC = YES;
				CLANG_ENABLE_OBJC_WEAK = YES;
				CLANG_WARN_BLOCK_CAPTURE_AUTORELEASING = YES;
				CLANG_WARN_BOOL_CONVERSION = YES;
				CLANG_WARN_COMMA = YES;
				CLANG_WARN_CONSTANT_CONVERSION = YES;
				CLANG_WARN_DEPRECATED_OBJC_IMPLEMENTATIONS = YES;
				CLANG_WARN_DIRECT_OBJC_ISA_USAGE = YES_ERROR;
				CLANG_WARN_DOCUMENTATION_COMMENTS = YES;
				CLANG_WARN_EMPTY_BODY = YES;
				CLANG_WARN_ENUM_CONVERSION = YES;
				CLANG_WARN_INFINITE_RECURSION = YES;
				CLANG_WARN_INT_CONVERSION = YES;
				CLANG_WARN_NON_LITERAL_NULL_CONVERSION = YES;
				CLANG_WARN_OBJC_IMPLICIT_RETAIN_SELF = YES;
				CLANG_WARN_OBJC_LITERAL_CONVERSION = YES;
				CLANG_WARN_OBJC_ROOT_CLASS = YES_ERROR;
				CLANG_WARN_QUOTED_INCLUDE_IN_FRAMEWORK_HEADER = YES;
				CLANG_WARN_RANGE_LOOP_ANALYSIS = YES;
				CLANG_WARN_STRICT_PROTOTYPES = YES;
				CLANG_WARN_SUSPICIOUS_MOVE = YES;
				CLANG_WARN_UNGUARDED_AVAILABILITY = YES_AGGRESSIVE;
				CLANG_WARN_UNREACHABLE_CODE = YES;
				CLANG_WARN__DUPLICATE_METHOD_MATCH = YES;
				COPY_PHASE_STRIP = NO;
				DEBUG_INFORMATION_FORMAT = dwarf;
				ENABLE_STRICT_OBJC_MSGSEND = YES;
				ENABLE_TESTABILITY = YES;
				GCC_C_LANGUAGE_STANDARD = gnu11;
				GCC_DYNAMIC_NO_PIC = NO;
				GCC_NO_COMMON_BLOCKS = YES;
				GCC_OPTIMIZATION_LEVEL = 0;
				GCC_PREPROCESSOR_DEFINITIONS = (
					"DEBUG=1",
					"$(inherited)",
				);
				GCC_WARN_64_TO_32_BIT_CONVERSION = YES;
				GCC_WARN_ABOUT_RETURN_TYPE = YES_ERROR;
				GCC_WARN_UNDECLARED_SELECTOR = YES;
				GCC_WARN_UNINITIALIZED_AUTOS = YES_AGGRESSIVE;
				GCC_WARN_UNUSED_FUNCTION = YES;
				GCC_WARN_UNUSED_VARIABLE = YES;
				IPHONEOS_DEPLOYMENT_TARGET = 14.4;
				MTL_ENABLE_DEBUG_INFO = INCLUDE_SOURCE;
				MTL_FAST_MATH = YES;
				ONLY_ACTIVE_ARCH = YES;
				SDKROOT = iphoneos;
				SWIFT_ACTIVE_COMPILATION_CONDITIONS = DEBUG;
				SWIFT_OPTIMIZATION_LEVEL = "-Onone";
			};
			name = Debug;
		};
		FDE61C062677292600EABDD4 /* Release */ = {
			isa = XCBuildConfiguration;
			buildSettings = {
				ALWAYS_SEARCH_USER_PATHS = NO;
				CLANG_ANALYZER_NONNULL = YES;
				CLANG_ANALYZER_NUMBER_OBJECT_CONVERSION = YES_AGGRESSIVE;
				CLANG_CXX_LANGUAGE_STANDARD = "gnu++14";
				CLANG_CXX_LIBRARY = "libc++";
				CLANG_ENABLE_MODULES = YES;
				CLANG_ENABLE_OBJC_ARC = YES;
				CLANG_ENABLE_OBJC_WEAK = YES;
				CLANG_WARN_BLOCK_CAPTURE_AUTORELEASING = YES;
				CLANG_WARN_BOOL_CONVERSION = YES;
				CLANG_WARN_COMMA = YES;
				CLANG_WARN_CONSTANT_CONVERSION = YES;
				CLANG_WARN_DEPRECATED_OBJC_IMPLEMENTATIONS = YES;
				CLANG_WARN_DIRECT_OBJC_ISA_USAGE = YES_ERROR;
				CLANG_WARN_DOCUMENTATION_COMMENTS = YES;
				CLANG_WARN_EMPTY_BODY = YES;
				CLANG_WARN_ENUM_CONVERSION = YES;
				CLANG_WARN_INFINITE_RECURSION = YES;
				CLANG_WARN_INT_CONVERSION = YES;
				CLANG_WARN_NON_LITERAL_NULL_CONVERSION = YES;
				CLANG_WARN_OBJC_IMPLICIT_RETAIN_SELF = YES;
				CLANG_WARN_OBJC_LITERAL_CONVERSION = YES;
				CLANG_WARN_OBJC_ROOT_CLASS = YES_ERROR;
				CLANG_WARN_QUOTED_INCLUDE_IN_FRAMEWORK_HEADER = YES;
				CLANG_WARN_RANGE_LOOP_ANALYSIS = YES;
				CLANG_WARN_STRICT_PROTOTYPES = YES;
				CLANG_WARN_SUSPICIOUS_MOVE = YES;
				CLANG_WARN_UNGUARDED_AVAILABILITY = YES_AGGRESSIVE;
				CLANG_WARN_UNREACHABLE_CODE = YES;
				CLANG_WARN__DUPLICATE_METHOD_MATCH = YES;
				COPY_PHASE_STRIP = NO;
				DEBUG_INFORMATION_FORMAT = "dwarf-with-dsym";
				ENABLE_NS_ASSERTIONS = NO;
				ENABLE_STRICT_OBJC_MSGSEND = YES;
				GCC_C_LANGUAGE_STANDARD = gnu11;
				GCC_NO_COMMON_BLOCKS = YES;
				GCC_WARN_64_TO_32_BIT_CONVERSION = YES;
				GCC_WARN_ABOUT_RETURN_TYPE = YES_ERROR;
				GCC_WARN_UNDECLARED_SELECTOR = YES;
				GCC_WARN_UNINITIALIZED_AUTOS = YES_AGGRESSIVE;
				GCC_WARN_UNUSED_FUNCTION = YES;
				GCC_WARN_UNUSED_VARIABLE = YES;
				IPHONEOS_DEPLOYMENT_TARGET = 14.4;
				MTL_ENABLE_DEBUG_INFO = NO;
				MTL_FAST_MATH = YES;
				SDKROOT = iphoneos;
				SWIFT_COMPILATION_MODE = wholemodule;
				SWIFT_OPTIMIZATION_LEVEL = "-O";
				VALIDATE_PRODUCT = YES;
			};
			name = Release;
		};
		FDE61C082677292600EABDD4 /* Debug */ = {
			isa = XCBuildConfiguration;
			buildSettings = {
				ASSETCATALOG_COMPILER_APPICON_NAME = AppIcon;
				ASSETCATALOG_COMPILER_GLOBAL_ACCENT_COLOR_NAME = AccentColor;
				CODE_SIGN_STYLE = Automatic;
				INFOPLIST_FILE = WeatherApp/Info.plist;
				IPHONEOS_DEPLOYMENT_TARGET = 13.0;
				LD_RUNPATH_SEARCH_PATHS = (
					"$(inherited)",
					"@executable_path/Frameworks",
				);
				PRODUCT_BUNDLE_IDENTIFIER = Weather.WeatherApp;
				PRODUCT_NAME = "$(TARGET_NAME)";
				SWIFT_VERSION = 5.0;
				TARGETED_DEVICE_FAMILY = "1,2";
			};
			name = Debug;
		};
		FDE61C092677292600EABDD4 /* Release */ = {
			isa = XCBuildConfiguration;
			buildSettings = {
				ASSETCATALOG_COMPILER_APPICON_NAME = AppIcon;
				ASSETCATALOG_COMPILER_GLOBAL_ACCENT_COLOR_NAME = AccentColor;
				CODE_SIGN_STYLE = Automatic;
				INFOPLIST_FILE = WeatherApp/Info.plist;
				IPHONEOS_DEPLOYMENT_TARGET = 13.0;
				LD_RUNPATH_SEARCH_PATHS = (
					"$(inherited)",
					"@executable_path/Frameworks",
				);
				PRODUCT_BUNDLE_IDENTIFIER = Weather.WeatherApp;
				PRODUCT_NAME = "$(TARGET_NAME)";
				SWIFT_VERSION = 5.0;
				TARGETED_DEVICE_FAMILY = "1,2";
			};
			name = Release;
		};
		FDE61C0B2677292600EABDD4 /* Debug */ = {
			isa = XCBuildConfiguration;
			buildSettings = {
				ALWAYS_EMBED_SWIFT_STANDARD_LIBRARIES = YES;
				BUNDLE_LOADER = "$(TEST_HOST)";
				CODE_SIGN_STYLE = Automatic;
				INFOPLIST_FILE = WeatherAppTests/Info.plist;
				IPHONEOS_DEPLOYMENT_TARGET = 14.4;
				LD_RUNPATH_SEARCH_PATHS = (
					"$(inherited)",
					"@executable_path/Frameworks",
					"@loader_path/Frameworks",
				);
				PRODUCT_BUNDLE_IDENTIFIER = Weather.WeatherAppTests;
				PRODUCT_NAME = "$(TARGET_NAME)";
				SWIFT_VERSION = 5.0;
				TARGETED_DEVICE_FAMILY = "1,2";
				TEST_HOST = "$(BUILT_PRODUCTS_DIR)/WeatherApp.app/WeatherApp";
			};
			name = Debug;
		};
		FDE61C0C2677292600EABDD4 /* Release */ = {
			isa = XCBuildConfiguration;
			buildSettings = {
				ALWAYS_EMBED_SWIFT_STANDARD_LIBRARIES = YES;
				BUNDLE_LOADER = "$(TEST_HOST)";
				CODE_SIGN_STYLE = Automatic;
				INFOPLIST_FILE = WeatherAppTests/Info.plist;
				IPHONEOS_DEPLOYMENT_TARGET = 14.4;
				LD_RUNPATH_SEARCH_PATHS = (
					"$(inherited)",
					"@executable_path/Frameworks",
					"@loader_path/Frameworks",
				);
				PRODUCT_BUNDLE_IDENTIFIER = Weather.WeatherAppTests;
				PRODUCT_NAME = "$(TARGET_NAME)";
				SWIFT_VERSION = 5.0;
				TARGETED_DEVICE_FAMILY = "1,2";
				TEST_HOST = "$(BUILT_PRODUCTS_DIR)/WeatherApp.app/WeatherApp";
			};
			name = Release;
		};
		FDE61C0E2677292600EABDD4 /* Debug */ = {
			isa = XCBuildConfiguration;
			buildSettings = {
				ALWAYS_EMBED_SWIFT_STANDARD_LIBRARIES = YES;
				CODE_SIGN_STYLE = Automatic;
				INFOPLIST_FILE = WeatherAppUITests/Info.plist;
				LD_RUNPATH_SEARCH_PATHS = (
					"$(inherited)",
					"@executable_path/Frameworks",
					"@loader_path/Frameworks",
				);
				PRODUCT_BUNDLE_IDENTIFIER = Weather.WeatherAppUITests;
				PRODUCT_NAME = "$(TARGET_NAME)";
				SWIFT_VERSION = 5.0;
				TARGETED_DEVICE_FAMILY = "1,2";
				TEST_TARGET_NAME = WeatherApp;
			};
			name = Debug;
		};
		FDE61C0F2677292600EABDD4 /* Release */ = {
			isa = XCBuildConfiguration;
			buildSettings = {
				ALWAYS_EMBED_SWIFT_STANDARD_LIBRARIES = YES;
				CODE_SIGN_STYLE = Automatic;
				INFOPLIST_FILE = WeatherAppUITests/Info.plist;
				LD_RUNPATH_SEARCH_PATHS = (
					"$(inherited)",
					"@executable_path/Frameworks",
					"@loader_path/Frameworks",
				);
				PRODUCT_BUNDLE_IDENTIFIER = Weather.WeatherAppUITests;
				PRODUCT_NAME = "$(TARGET_NAME)";
				SWIFT_VERSION = 5.0;
				TARGETED_DEVICE_FAMILY = "1,2";
				TEST_TARGET_NAME = WeatherApp;
			};
			name = Release;
		};
/* End XCBuildConfiguration section */

/* Begin XCConfigurationList section */
		FDE61BD82677292500EABDD4 /* Build configuration list for PBXProject "WeatherApp" */ = {
			isa = XCConfigurationList;
			buildConfigurations = (
				FDE61C052677292600EABDD4 /* Debug */,
				FDE61C062677292600EABDD4 /* Release */,
			);
			defaultConfigurationIsVisible = 0;
			defaultConfigurationName = Release;
		};
		FDE61C072677292600EABDD4 /* Build configuration list for PBXNativeTarget "WeatherApp" */ = {
			isa = XCConfigurationList;
			buildConfigurations = (
				FDE61C082677292600EABDD4 /* Debug */,
				FDE61C092677292600EABDD4 /* Release */,
			);
			defaultConfigurationIsVisible = 0;
			defaultConfigurationName = Release;
		};
		FDE61C0A2677292600EABDD4 /* Build configuration list for PBXNativeTarget "WeatherAppTests" */ = {
			isa = XCConfigurationList;
			buildConfigurations = (
				FDE61C0B2677292600EABDD4 /* Debug */,
				FDE61C0C2677292600EABDD4 /* Release */,
			);
			defaultConfigurationIsVisible = 0;
			defaultConfigurationName = Release;
		};
		FDE61C0D2677292600EABDD4 /* Build configuration list for PBXNativeTarget "WeatherAppUITests" */ = {
			isa = XCConfigurationList;
			buildConfigurations = (
				FDE61C0E2677292600EABDD4 /* Debug */,
				FDE61C0F2677292600EABDD4 /* Release */,
			);
			defaultConfigurationIsVisible = 0;
			defaultConfigurationName = Release;
		};
/* End XCConfigurationList section */
	};
	rootObject = FDE61BD52677292500EABDD4 /* Project object */;
}
